
Microsoft Visual Studio Solution File, Format Version 12.00
# Visual Studio Version 16
VisualStudioVersion = 16.0.30523.141
MinimumVisualStudioVersion = 10.0.40219.1
Project("{9A19103F-16F7-4668-BE54-9A1E7A4F7556}") = "01. Sum Adjacent Equal Numbers", "01. Sum Adjacent Equal Numbers\01. Sum Adjacent Equal Numbers.csproj", "{970CC3DA-A4FB-4C39-8CFA-7236D40ECEFB}"
EndProject
Project("{9A19103F-16F7-4668-BE54-9A1E7A4F7556}") = "02. Gauss' Trick", "02. Gauss' Trick\02. Gauss' Trick.csproj", "{E0393766-AC76-4A7F-B20D-218134DA4DBB}"
EndProject
Project("{9A19103F-16F7-4668-BE54-9A1E7A4F7556}") = "03. Merging Lists", "03. Merging Lists\03. Merging Lists.csproj", "{FE7B6B8A-1F89-4DF4-8B26-5A7F97BE74E1}"
EndProject
Project("{FAE04EC0-301F-11D3-BF4B-00C04F79EFBC}") = "06. List Manipulation Basics", "Lists - Lab\06. List Manipulation Basics.csproj", "{457D4572-77C1-4F16-B2ED-43C588512BB0}"
EndProject
Project("{FAE04EC0-301F-11D3-BF4B-00C04F79EFBC}") = "04. List of Products", "04. List of Products\04. List of Products.csproj", "{C8F57730-CA38-48AA-8784-A432C1577DF4}"
EndProject
Project("{FAE04EC0-301F-11D3-BF4B-00C04F79EFBC}") = "05. Remove Negatives and Reverse", "05. Remove Negatives and Reverse\05. Remove Negatives and Reverse.csproj", "{8E1CCBA3-5309-4BBA-AFA2-7C7FD6F6AA54}"
EndProject
Global
	GlobalSection(SolutionConfigurationPlatforms) = preSolution
		Debug|Any CPU = Debug|Any CPU
		Release|Any CPU = Release|Any CPU
	EndGlobalSection
	GlobalSection(ProjectConfigurationPlatforms) = postSolution
		{970CC3DA-A4FB-4C39-8CFA-7236D40ECEFB}.Debug|Any CPU.ActiveCfg = Debug|Any CPU
		{970CC3DA-A4FB-4C39-8CFA-7236D40ECEFB}.Debug|Any CPU.Build.0 = Debug|Any CPU
		{970CC3DA-A4FB-4C39-8CFA-7236D40ECEFB}.Release|Any CPU.ActiveCfg = Release|Any CPU
		{970CC3DA-A4FB-4C39-8CFA-7236D40ECEFB}.Release|Any CPU.Build.0 = Release|Any CPU
		{E0393766-AC76-4A7F-B20D-218134DA4DBB}.Debug|Any CPU.ActiveCfg = Debug|Any CPU
		{E0393766-AC76-4A7F-B20D-218134DA4DBB}.Debug|Any CPU.Build.0 = Debug|Any CPU
		{E0393766-AC76-4A7F-B20D-218134DA4DBB}.Release|Any CPU.ActiveCfg = Release|Any CPU
		{E0393766-AC76-4A7F-B20D-218134DA4DBB}.Release|Any CPU.Build.0 = Release|Any CPU
		{FE7B6B8A-1F89-4DF4-8B26-5A7F97BE74E1}.Debug|Any CPU.ActiveCfg = Debug|Any CPU
		{FE7B6B8A-1F89-4DF4-8B26-5A7F97BE74E1}.Debug|Any CPU.Build.0 = Debug|Any CPU
		{FE7B6B8A-1F89-4DF4-8B26-5A7F97BE74E1}.Release|Any CPU.ActiveCfg = Release|Any CPU
		{FE7B6B8A-1F89-4DF4-8B26-5A7F97BE74E1}.Release|Any CPU.Build.0 = Release|Any CPU
		{457D4572-77C1-4F16-B2ED-43C588512BB0}.Debug|Any CPU.ActiveCfg = Debug|Any CPU
		{457D4572-77C1-4F16-B2ED-43C588512BB0}.Debug|Any CPU.Build.0 = Debug|Any CPU
		{457D4572-77C1-4F16-B2ED-43C588512BB0}.Release|Any CPU.ActiveCfg = Release|Any CPU
		{457D4572-77C1-4F16-B2ED-43C588512BB0}.Release|Any CPU.Build.0 = Release|Any CPU
		{C8F57730-CA38-48AA-8784-A432C1577DF4}.Debug|Any CPU.ActiveCfg = Debug|Any CPU
		{C8F57730-CA38-48AA-8784-A432C1577DF4}.Debug|Any CPU.Build.0 = Debug|Any CPU
		{C8F57730-CA38-48AA-8784-A432C1577DF4}.Release|Any CPU.ActiveCfg = Release|Any CPU
		{C8F57730-CA38-48AA-8784-A432C1577DF4}.Release|Any CPU.Build.0 = Release|Any CPU
		{8E1CCBA3-5309-4BBA-AFA2-7C7FD6F6AA54}.Debug|Any CPU.ActiveCfg = Debug|Any CPU
		{8E1CCBA3-5309-4BBA-AFA2-7C7FD6F6AA54}.Debug|Any CPU.Build.0 = Debug|Any CPU
		{8E1CCBA3-5309-4BBA-AFA2-7C7FD6F6AA54}.Release|Any CPU.ActiveCfg = Release|Any CPU
		{8E1CCBA3-5309-4BBA-AFA2-7C7FD6F6AA54}.Release|Any CPU.Build.0 = Release|Any CPU
	EndGlobalSection
	GlobalSection(SolutionProperties) = preSolution
		HideSolutionNode = FALSE
	EndGlobalSection
	GlobalSection(ExtensibilityGlobals) = postSolution
		SolutionGuid = {66C7E7A6-1A00-46E7-9C70-FE610019E796}
	EndGlobalSection
EndGlobal
